version = 1
revision = 3
requires-python = ">=3.14"

[[package]]
name = "evdev"
version = "1.9.3"
source = { registry = "https://pypi.org/simple" }
sdist = { url = "https://files.pythonhosted.org/packages/a5/f5/397b61091120a9ca5001041dd7bf76c385b3bfd67a0e5bcb74b852bd22a4/evdev-1.9.3.tar.gz", hash = "sha256:2c140e01ac8437758fa23fe5c871397412461f42d421aa20241dc8fe8cfccbc9", size = 32723, upload-time = "2026-02-05T21:54:24.987Z" }

[[package]]
name = "flowscroll"
version = "1.3.0"
source = { editable = "." }
dependencies = [
    { name = "pynput" },
    { name = "pyside6" },
    { name = "zstandard" },
]

[package.metadata]
requires-dist = [
    { name = "pynput", specifier = ">=1.7.6" },
    { name = "pyside6", specifier = ">=6.0.0" },
    { name = "zstandard", specifier = ">=0.22.0" },
]

[[package]]
name = "pynput"
version = "1.8.1"
source = { registry = "https://pypi.org/simple" }
dependencies = [
    { name = "evdev", marker = "'linux' in sys_platform" },
    { name = "pyobjc-framework-applicationservices", marker = "sys_platform == 'darwin'" },
    { name = "pyobjc-framework-quartz", marker = "sys_platform == 'darwin'" },
    { name = "python-xlib", marker = "'linux' in sys_platform" },
    { name = "six" },
]
sdist = { url = "https://files.pythonhosted.org/packages/f0/c3/dccf44c68225046df5324db0cc7d563a560635355b3e5f1d249468268a6f/pynput-1.8.1.tar.gz", hash = "sha256:70d7c8373ee98911004a7c938742242840a5628c004573d84ba849d4601df81e", size = 82289, upload-time = "2025-03-17T17:12:01.481Z" }
wheels = [
    { url = "https://files.pythonhosted.org/packages/59/4f/ac3fa906ae8a375a536b12794128c5efacade9eaa917a35dfd27ce0c7400/pynput-1.8.1-py2.py3-none-any.whl", hash = "sha256:42dfcf27404459ca16ca889c8fb8ffe42a9fe54f722fd1a3e130728e59e768d2", size = 91693, upload-time = "2025-03-17T17:12:00.094Z" },
]

[[package]]
name = "pyobjc-core"
version = "12.1"
source = { registry = "https://pypi.org/simple" }
sdist = { url = "https://files.pythonhosted.org/packages/b8/b6/d5612eb40be4fd5ef88c259339e6313f46ba67577a95d86c3470b951fce0/pyobjc_core-12.1.tar.gz", hash = "sha256:2bb3903f5387f72422145e1466b3ac3f7f0ef2e9960afa9bcd8961c5cbf8bd21", size = 1000532, upload-time = "2025-11-14T10:08:28.292Z" }
wheels = [
    { url = "https://files.pythonhosted.org/packages/25/98/9f4ed07162de69603144ff480be35cd021808faa7f730d082b92f7ebf2b5/pyobjc_core-12.1-cp314-cp314-macosx_10_15_universal2.whl", hash = "sha256:844515f5d86395b979d02152576e7dee9cc679acc0b32dc626ef5bda315eaa43", size = 670164, upload-time = "2025-11-14T09:34:37.458Z" },
    { url = "https://files.pythonhosted.org/packages/62/50/dc076965c96c7f0de25c0a32b7f8aa98133ed244deaeeacfc758783f1f30/pyobjc_core-12.1-cp314-cp314t-macosx_10_15_universal2.whl", hash = "sha256:453b191df1a4b80e756445b935491b974714456ae2cbae816840bd96f86db882", size = 712204, upload-time = "2025-11-14T09:35:24.148Z" },
]

[[package]]
name = "pyobjc-framework-applicationservices"
version = "12.1"
source = { registry = "https://pypi.org/simple" }
dependencies = [
    { name = "pyobjc-core" },
    { name = "pyobjc-framework-cocoa" },
    { name = "pyobjc-framework-coretext" },
    { name = "pyobjc-framework-quartz" },
]
sdist = { url = "https://files.pythonhosted.org/packages/be/6a/d4e613c8e926a5744fc47a9e9fea08384a510dc4f27d844f7ad7a2d793bd/pyobjc_framework_applicationservices-12.1.tar.gz", hash = "sha256:c06abb74f119bc27aeb41bf1aef8102c0ae1288aec1ac8665ea186a067a8945b", size = 103247, upload-time = "2025-11-14T10:08:52.18Z" }
wheels = [
    { url = "https://files.pythonhosted.org/packages/40/44/3196b40fec68b4413c92875311f17ccf4c3ff7d2e53676f8fc18ad29bd18/pyobjc_framework_applicationservices-12.1-cp314-cp314-macosx_10_15_universal2.whl", hash = "sha256:f43c9a24ad97a9121276d4d571aa04a924282c80d7291cfb3b29839c3e2013a8", size = 32997, upload-time = "2025-11-14T09:36:21.58Z" },
    { url = "https://files.pythonhosted.org/packages/fd/bb/dab21d2210d3ef7dd0616df7e8ea89b5d8d62444133a25f76e649a947168/pyobjc_framework_applicationservices-12.1-cp314-cp314t-macosx_10_15_universal2.whl", hash = "sha256:1f72e20009a4ebfd5ed5b23dc11c1528ad6b55cc63ee71952ddb2a5e5f1cb7da", size = 33238, upload-time = "2025-11-14T09:36:24.751Z" },
]

[[package]]
name = "pyobjc-framework-cocoa"
version = "12.1"
source = { registry = "https://pypi.org/simple" }
dependencies = [
    { name = "pyobjc-core" },
]
sdist = { url = "https://files.pythonhosted.org/packages/02/a3/16ca9a15e77c061a9250afbae2eae26f2e1579eb8ca9462ae2d2c71e1169/pyobjc_framework_cocoa-12.1.tar.gz", hash = "sha256:5556c87db95711b985d5efdaaf01c917ddd41d148b1e52a0c66b1a2e2c5c1640", size = 2772191, upload-time = "2025-11-14T10:13:02.069Z" }
wheels = [
    { url = "https://files.pythonhosted.org/packages/59/bb/f777cc9e775fc7dae77b569254570fe46eb842516b3e4fe383ab49eab598/pyobjc_framework_cocoa-12.1-cp314-cp314-macosx_10_15_universal2.whl", hash = "sha256:03342a60fc0015bcdf9b93ac0b4f457d3938e9ef761b28df9564c91a14f0129a", size = 384932, upload-time = "2025-11-14T09:42:29.771Z" },
    { url = "https://files.pythonhosted.org/packages/58/27/b457b7b37089cad692c8aada90119162dfb4c4a16f513b79a8b2b022b33b/pyobjc_framework_cocoa-12.1-cp314-cp314t-macosx_10_15_universal2.whl", hash = "sha256:6ba1dc1bfa4da42d04e93d2363491275fb2e2be5c20790e561c8a9e09b8cf2cc", size = 388970, upload-time = "2025-11-14T09:42:53.964Z" },
]

[[package]]
name = "pyobjc-framework-coretext"
version = "12.1"
source = { registry = "https://pypi.org/simple" }
dependencies = [
    { name = "pyobjc-core" },
    { name = "pyobjc-framework-cocoa" },
    { name = "pyobjc-framework-quartz" },
]
sdist = { url = "https://files.pythonhosted.org/packages/29/da/682c9c92a39f713bd3c56e7375fa8f1b10ad558ecb075258ab6f1cdd4a6d/pyobjc_framework_coretext-12.1.tar.gz", hash = "sha256:e0adb717738fae395dc645c9e8a10bb5f6a4277e73cba8fa2a57f3b518e71da5", size = 90124, upload-time = "2025-11-14T10:14:38.596Z" }
wheels = [
    { url = "https://files.pythonhosted.org/packages/ef/c3/adf9d306e9ead108167ab7a974ab7d171dbacf31c72fad63e12585f58023/pyobjc_framework_coretext-12.1-cp314-cp314-macosx_10_15_universal2.whl", hash = "sha256:782a1a9617ea267c05226e9cd81a8dec529969a607fe1e037541ee1feb9524e9", size = 30095, upload-time = "2025-11-14T09:47:13.893Z" },
    { url = "https://files.pythonhosted.org/packages/bd/ca/6321295f47a47b0fca7de7e751ddc0ddc360413f4e506335fe9b0f0fb085/pyobjc_framework_coretext-12.1-cp314-cp314t-macosx_10_15_universal2.whl", hash = "sha256:7afe379c5a870fa3e66e6f65231c3c1732d9ccd2cd2a4904b2cd5178c9e3c562", size = 30702, upload-time = "2025-11-14T09:47:17.292Z" },
]

[[package]]
name = "pyobjc-framework-quartz"
version = "12.1"
source = { registry = "https://pypi.org/simple" }
dependencies = [
    { name = "pyobjc-core" },
    { name = "pyobjc-framework-cocoa" },
]
sdist = { url = "https://files.pythonhosted.org/packages/94/18/cc59f3d4355c9456fc945eae7fe8797003c4da99212dd531ad1b0de8a0c6/pyobjc_framework_quartz-12.1.tar.gz", hash = "sha256:27f782f3513ac88ec9b6c82d9767eef95a5cf4175ce88a1e5a65875fee799608", size = 3159099, upload-time = "2025-11-14T10:21:24.31Z" }
wheels = [
    { url = "https://files.pythonhosted.org/packages/4a/00/96249c5c7e5aaca5f688ca18b8d8ad05cd7886ebd639b3c71a6a4cadbe75/pyobjc_framework_quartz-12.1-cp314-cp314-macosx_10_15_universal2.whl", hash = "sha256:42d306b07f05ae7d155984503e0fb1b701fecd31dcc5c79fe8ab9790ff7e0de0", size = 219558, upload-time = "2025-11-14T10:00:45.476Z" },
    { url = "https://files.pythonhosted.org/packages/4d/a6/708a55f3ff7a18c403b30a29a11dccfed0410485a7548c60a4b6d4cc0676/pyobjc_framework_quartz-12.1-cp314-cp314t-macosx_10_15_universal2.whl", hash = "sha256:0cc08fddb339b2760df60dea1057453557588908e42bdc62184b6396ce2d6e9a", size = 224580, upload-time = "2025-11-14T10:01:00.091Z" },
]

[[package]]
name = "pyside6"
version = "6.11.0"
source = { registry = "https://pypi.org/simple" }
dependencies = [
    { name = "pyside6-addons" },
    { name = "pyside6-essentials" },
    { name = "shiboken6" },
]
wheels = [
    { url = "https://files.pythonhosted.org/packages/f4/95/f3f5a2799163b6658126d78a85bc1dec9eda88c75c26780556b26071a1d8/pyside6-6.11.0-cp310-abi3-macosx_13_0_universal2.whl", hash = "sha256:1f2735dc4f2bd4ec452ae50502c8a22128bba0aced35358a2bbc58384b820c6f", size = 571544, upload-time = "2026-03-23T12:47:20.263Z" },
    { url = "https://files.pythonhosted.org/packages/da/89/9a1f521051714e6694ebbe2b979ded279845ec8e25cb309ca3960158d74f/pyside6-6.11.0-cp310-abi3-manylinux_2_34_x86_64.whl", hash = "sha256:c642e2d25704ca746fd37f56feacf25c5aecc4cd40bef23d18eec81f87d9dc00", size = 571725, upload-time = "2026-03-23T12:47:21.727Z" },
    { url = "https://files.pythonhosted.org/packages/c2/3d/f779d8bba00fcde31a7d7fb6b59347a70773c9cc8135592dea9972579877/pyside6-6.11.0-cp310-abi3-manylinux_2_39_aarch64.whl", hash = "sha256:267b344c73580ac938ca63c611881fb42a3922ebfe043e271005f4f06c372c4e", size = 571722, upload-time = "2026-03-23T12:47:22.761Z" },
    { url = "https://files.pythonhosted.org/packages/ac/98/150e01a026df3e9697310236821fa825319bb4b9d6137539cb25a3032968/pyside6-6.11.0-cp310-abi3-win_amd64.whl", hash = "sha256:9092cb002ca43c64006afb2e0d0f6f51aef17aa737c33a45e502326a081ddcbc", size = 577988, upload-time = "2026-03-23T12:47:23.795Z" },
    { url = "https://files.pythonhosted.org/packages/50/e7/55960f7c6b41d058e95cb4af02652c46c48702c506c8bbf12e99550e1fb3/pyside6-6.11.0-cp310-abi3-win_arm64.whl", hash = "sha256:b15f39acc2b8f46251a630acad0d97f9a0a0461f2baffcd66d7adfada8eb641e", size = 561372, upload-time = "2026-03-23T12:47:25.073Z" },
]

[[package]]
name = "pyside6-addons"
version = "6.11.0"
source = { registry = "https://pypi.org/simple" }
dependencies = [
    { name = "pyside6-essentials" },
    { name = "shiboken6" },
]
wheels = [
    { url = "https://files.pythonhosted.org/packages/c0/df/241f311c61a46b7b1195927da77b2537692ee3442aa9ccd87981164ff78d/pyside6_addons-6.11.0-cp310-abi3-macosx_13_0_universal2.whl", hash = "sha256:d5eaa4643302e3a0fa94c5766234bee4073d7d5ab9c2b7fd222692a176faf182", size = 331554157, upload-time = "2026-03-23T12:40:40.497Z" },
    { url = "https://files.pythonhosted.org/packages/31/b9/e81172835ccc9d8b9792cc6bf7524a252a0db9a76ddd693de230402697f9/pyside6_addons-6.11.0-cp310-abi3-manylinux_2_34_x86_64.whl", hash = "sha256:ac6fe3d4ef4497dde3efc5e896b0acd53ff6c93be4bf485f045690f919419f35", size = 174948482, upload-time = "2026-03-23T12:41:05.379Z" },
    { url = "https://files.pythonhosted.org/packages/a8/a4/426d9333782bf65ab2a20257d6b4b3af9b8d5d7a710da719865fab49d492/pyside6_addons-6.11.0-cp310-abi3-manylinux_2_39_aarch64.whl", hash = "sha256:8ffb40222456078930816ebcac2f2511716d2acbc11716dd5acc5c365179a753", size = 170430798, upload-time = "2026-03-23T12:41:38.134Z" },
    { url = "https://files.pythonhosted.org/packages/35/9a/46d271fedfabad8c6dce2ebb69bb593745487ed33753a56a47c3ba4fdb1c/pyside6_addons-6.11.0-cp310-abi3-win_amd64.whl", hash = "sha256:413e6121c24f5ffdce376298059eddecff74aa6d638e94e0f6015b33d29b889e", size = 168723088, upload-time = "2026-03-23T12:42:00.668Z" },
    { url = "https://files.pythonhosted.org/packages/16/cd/1b28264f7dc9a642da2e4e7c02f67418d0949eb7ce329ae20869703c2630/pyside6_addons-6.11.0-cp310-abi3-win_arm64.whl", hash = "sha256:aaaee83385977a0fe134b2f4fbfb92b45a880d5b656e4d90a708eef10b1b6de8", size = 35698324, upload-time = "2026-03-23T12:42:13.748Z" },
]

[[package]]
name = "pyside6-essentials"
version = "6.11.0"
source = { registry = "https://pypi.org/simple" }
dependencies = [
    { name = "shiboken6" },
]
wheels = [
    { url = "https://files.pythonhosted.org/packages/d2/00/8a8583d3429c737cc20e61a43eba8ab1ec13ddb101e99802c2ffeedf3b41/pyside6_essentials-6.11.0-cp310-abi3-macosx_13_0_universal2.whl", hash = "sha256:85d6ca87ef35fa6565d385ede72ae48420dd3f63113929d10fc800f6b0360e01", size = 108085251, upload-time = "2026-03-23T12:42:52.872Z" },
    { url = "https://files.pythonhosted.org/packages/f3/a9/07c9e5c014b871c1b19caf8f994bcd50b345559b81f81671217b49559b67/pyside6_essentials-6.11.0-cp310-abi3-manylinux_2_34_x86_64.whl", hash = "sha256:dc20e7afd5fc6fe51297db91cef997ce60844be578f7a49fc61b7ab9657a8849", size = 78316055, upload-time = "2026-03-23T12:43:04.19Z" },
    { url = "https://files.pythonhosted.org/packages/7c/35/f06b1b641d7600ec46374c16cd37c66fa4a22870326b4eb073a95471035f/pyside6_essentials-6.11.0-cp310-abi3-manylinux_2_39_aarch64.whl", hash = "sha256:4854cb0a1b061e7a576d8fb7bb7cf9f49540d558b1acb7df0742a7afefe61e4e", size = 77380821, upload-time = "2026-03-23T12:43:24.649Z" },
    { url = "https://files.pythonhosted.org/packages/ff/37/ba95c6262836d2b286b4e05a9d16a5e870995d5d2503ac6adc6312208049/pyside6_essentials-6.11.0-cp310-abi3-win_amd64.whl", hash = "sha256:3b3362882ad9389357a80504e600180006a957731fec05786fced7b038461fdf", size = 75793322, upload-time = "2026-03-23T12:43:35.575Z" },
    { url = "https://files.pythonhosted.org/packages/53/27/d17f25e45820e633a70e6109b35991eda09a5e8000c2a306f0ab7538d48c/pyside6_essentials-6.11.0-cp310-abi3-win_arm64.whl", hash = "sha256:81ca603dbf21bc39f89bb42db215c25ebe0c879a1a4c387625c321d2730ec187", size = 56337457, upload-time = "2026-03-23T12:43:43.573Z" },
]

[[package]]
name = "python-xlib"
version = "0.33"
source = { registry = "https://pypi.org/simple" }
dependencies = [
    { name = "six" },
]
sdist = { url = "https://files.pythonhosted.org/packages/86/f5/8c0653e5bb54e0cbdfe27bf32d41f27bc4e12faa8742778c17f2a71be2c0/python-xlib-0.33.tar.gz", hash = "sha256:55af7906a2c75ce6cb280a584776080602444f75815a7aff4d287bb2d7018b32", size = 269068, upload-time = "2022-12-25T18:53:00.824Z" }
wheels = [
    { url = "https://files.pythonhosted.org/packages/fc/b8/ff33610932e0ee81ae7f1269c890f697d56ff74b9f5b2ee5d9b7fa2c5355/python_xlib-0.33-py2.py3-none-any.whl", hash = "sha256:c3534038d42e0df2f1392a1b30a15a4ff5fdc2b86cfa94f072bf11b10a164398", size = 182185, upload-time = "2022-12-25T18:52:58.662Z" },
]

[[package]]
name = "shiboken6"
version = "6.11.0"
source = { registry = "https://pypi.org/simple" }
wheels = [
    { url = "https://files.pythonhosted.org/packages/82/1d/b56b7b694fbc871496435488d1f41c5068de546334850d722756511cef65/shiboken6-6.11.0-cp310-abi3-macosx_13_0_universal2.whl", hash = "sha256:d88e8a1eb705f2b9ad21db08a61ae1dc0c773e5cd86a069de0754c4cf1f9b43b", size = 476085, upload-time = "2026-03-23T12:47:05.724Z" },
    { url = "https://files.pythonhosted.org/packages/65/cb/4bb0c76011166230daa7c0074aeb3fdb3935c83ac1fef3789b85fcd1a8fc/shiboken6-6.11.0-cp310-abi3-manylinux_2_34_x86_64.whl", hash = "sha256:ad54e64f8192ddbdff0c54ac82b89edcd62ed623f502ea21c960541d19514053", size = 271055, upload-time = "2026-03-23T12:47:07.349Z" },
    { url = "https://files.pythonhosted.org/packages/f5/96/771a6e2b530f725303d16d78a321fa4876b98b4f3615c9851880df8c1a43/shiboken6-6.11.0-cp310-abi3-manylinux_2_39_aarch64.whl", hash = "sha256:a10dc7718104ea2dc15d5b0b96909b77162ce1c76fcc6968e6df692b947a00e9", size = 267456, upload-time = "2026-03-23T12:47:08.689Z" },
    { url = "https://files.pythonhosted.org/packages/72/f7/44c0c42c3f5f29dec457fd46ea0552174bcb8aa75becf03bbd90308ba07b/shiboken6-6.11.0-cp310-abi3-win_amd64.whl", hash = "sha256:483ff78a73c7b3189ca924abc694318084f078bcfeaffa68e32024ff2d025ee1", size = 1222132, upload-time = "2026-03-23T12:47:10.143Z" },
    { url = "https://files.pythonhosted.org/packages/fb/99/6e5ee21db2d6af84bbbd7d871d441dafeb069c6de5667b1aa49891a77c66/shiboken6-6.11.0-cp310-abi3-win_arm64.whl", hash = "sha256:3bd76cf56105ab2d62ecaff630366f11264f69b88d488f10f048da9a065781f4", size = 1783186, upload-time = "2026-03-23T12:47:11.832Z" },
]

[[package]]
name = "six"
version = "1.17.0"
source = { registry = "https://pypi.org/simple" }
sdist = { url = "https://files.pythonhosted.org/packages/94/e7/b2c673351809dca68a0e064b6af791aa332cf192da575fd474ed7d6f16a2/six-1.17.0.tar.gz", hash = "sha256:ff70335d468e7eb6ec65b95b99d3a2836546063f63acc5171de367e834932a81", size = 34031, upload-time = "2024-12-04T17:35:28.174Z" }
wheels = [
    { url = "https://files.pythonhosted.org/packages/b7/ce/149a00dd41f10bc29e5921b496af8b574d8413afcd5e30dfa0ed46c2cc5e/six-1.17.0-py2.py3-none-any.whl", hash = "sha256:4721f391ed90541fddacab5acf947aa0d3dc7d27b2e1e8eda2be8970586c3274", size = 11050, upload-time = "2024-12-04T17:35:26.475Z" },
]

[[package]]
name = "zstandard"
version = "0.25.0"
source = { registry = "https://pypi.org/simple" }
sdist = { url = "https://files.pythonhosted.org/packages/fd/aa/3e0508d5a5dd96529cdc5a97011299056e14c6505b678fd58938792794b1/zstandard-0.25.0.tar.gz", hash = "sha256:7713e1179d162cf5c7906da876ec2ccb9c3a9dcbdffef0cc7f70c3667a205f0b", size = 711513, upload-time = "2025-09-14T22:15:54.002Z" }
wheels = [
    { url = "https://files.pythonhosted.org/packages/3d/5c/f8923b595b55fe49e30612987ad8bf053aef555c14f05bb659dd5dbe3e8a/zstandard-0.25.0-cp314-cp314-macosx_10_13_x86_64.whl", hash = "sha256:e29f0cf06974c899b2c188ef7f783607dbef36da4c242eb6c82dcd8b512855e3", size = 795887, upload-time = "2025-09-14T22:17:54.198Z" },
    { url = "https://files.pythonhosted.org/packages/8d/09/d0a2a14fc3439c5f874042dca72a79c70a532090b7ba0003be73fee37ae2/zstandard-0.25.0-cp314-cp314-macosx_11_0_arm64.whl", hash = "sha256:05df5136bc5a011f33cd25bc9f506e7426c0c9b3f9954f056831ce68f3b6689f", size = 640658, upload-time = "2025-09-14T22:17:55.423Z" },
    { url = "https://files.pythonhosted.org/packages/5d/7c/8b6b71b1ddd517f68ffb55e10834388d4f793c49c6b83effaaa05785b0b4/zstandard-0.25.0-cp314-cp314-manylinux2010_i686.manylinux_2_12_i686.manylinux_2_28_i686.whl", hash = "sha256:f604efd28f239cc21b3adb53eb061e2a205dc164be408e553b41ba2ffe0ca15c", size = 5379849, upload-time = "2025-09-14T22:17:57.372Z" },
    { url = "https://files.pythonhosted.org/packages/a4/86/a48e56320d0a17189ab7a42645387334fba2200e904ee47fc5a26c1fd8ca/zstandard-0.25.0-cp314-cp314-manylinux2014_aarch64.manylinux_2_17_aarch64.manylinux_2_28_aarch64.whl", hash = "sha256:223415140608d0f0da010499eaa8ccdb9af210a543fac54bce15babbcfc78439", size = 5058095, upload-time = "2025-09-14T22:17:59.498Z" },
    { url = "https://files.pythonhosted.org/packages/f8/ad/eb659984ee2c0a779f9d06dbfe45e2dc39d99ff40a319895df2d3d9a48e5/zstandard-0.25.0-cp314-cp314-manylinux2014_ppc64le.manylinux_2_17_ppc64le.manylinux_2_28_ppc64le.whl", hash = "sha256:2e54296a283f3ab5a26fc9b8b5d4978ea0532f37b231644f367aa588930aa043", size = 5551751, upload-time = "2025-09-14T22:18:01.618Z" },
    { url = "https://files.pythonhosted.org/packages/61/b3/b637faea43677eb7bd42ab204dfb7053bd5c4582bfe6b1baefa80ac0c47b/zstandard-0.25.0-cp314-cp314-manylinux2014_s390x.manylinux_2_17_s390x.manylinux_2_28_s390x.whl", hash = "sha256:ca54090275939dc8ec5dea2d2afb400e0f83444b2fc24e07df7fdef677110859", size = 6364818, upload-time = "2025-09-14T22:18:03.769Z" },
    { url = "https://files.pythonhosted.org/packages/31/dc/cc50210e11e465c975462439a492516a73300ab8caa8f5e0902544fd748b/zstandard-0.25.0-cp314-cp314-manylinux2014_x86_64.manylinux_2_17_x86_64.manylinux_2_28_x86_64.whl", hash = "sha256:e09bb6252b6476d8d56100e8147b803befa9a12cea144bbe629dd508800d1ad0", size = 5560402, upload-time = "2025-09-14T22:18:05.954Z" },
    { url = "https://files.pythonhosted.org/packages/c9/ae/56523ae9c142f0c08efd5e868a6da613ae76614eca1305259c3bf6a0ed43/zstandard-0.25.0-cp314-cp314-musllinux_1_2_aarch64.whl", hash = "sha256:a9ec8c642d1ec73287ae3e726792dd86c96f5681eb8df274a757bf62b750eae7", size = 4955108, upload-time = "2025-09-14T22:18:07.68Z" },
    { url = "https://files.pythonhosted.org/packages/98/cf/c899f2d6df0840d5e384cf4c4121458c72802e8bda19691f3b16619f51e9/zstandard-0.25.0-cp314-cp314-musllinux_1_2_i686.whl", hash = "sha256:a4089a10e598eae6393756b036e0f419e8c1d60f44a831520f9af41c14216cf2", size = 5269248, upload-time = "2025-09-14T22:18:09.753Z" },
    { url = "https://files.pythonhosted.org/packages/1b/c0/59e912a531d91e1c192d3085fc0f6fb2852753c301a812d856d857ea03c6/zstandard-0.25.0-cp314-cp314-musllinux_1_2_ppc64le.whl", hash = "sha256:f67e8f1a324a900e75b5e28ffb152bcac9fbed1cc7b43f99cd90f395c4375344", size = 5430330, upload-time = "2025-09-14T22:18:11.966Z" },
    { url = "https://files.pythonhosted.org/packages/a0/1d/7e31db1240de2df22a58e2ea9a93fc6e38cc29353e660c0272b6735d6669/zstandard-0.25.0-cp314-cp314-musllinux_1_2_s390x.whl", hash = "sha256:9654dbc012d8b06fc3d19cc825af3f7bf8ae242226df5f83936cb39f5fdc846c", size = 5811123, upload-time = "2025-09-14T22:18:13.907Z" },
    { url = "https://files.pythonhosted.org/packages/f6/49/fac46df5ad353d50535e118d6983069df68ca5908d4d65b8c466150a4ff1/zstandard-0.25.0-cp314-cp314-musllinux_1_2_x86_64.whl", hash = "sha256:4203ce3b31aec23012d3a4cf4a2ed64d12fea5269c49aed5e4c3611b938e4088", size = 5359591, upload-time = "2025-09-14T22:18:16.465Z" },
    { url = "https://files.pythonhosted.org/packages/c2/38/f249a2050ad1eea0bb364046153942e34abba95dd5520af199aed86fbb49/zstandard-0.25.0-cp314-cp314-win32.whl", hash = "sha256:da469dc041701583e34de852d8634703550348d5822e66a0c827d39b05365b12", size = 444513, upload-time = "2025-09-14T22:18:20.61Z" },
    { url = "https://files.pythonhosted.org/packages/3a/43/241f9615bcf8ba8903b3f0432da069e857fc4fd1783bd26183db53c4804b/zstandard-0.25.0-cp314-cp314-win_amd64.whl", hash = "sha256:c19bcdd826e95671065f8692b5a4aa95c52dc7a02a4c5a0cac46deb879a017a2", size = 516118, upload-time = "2025-09-14T22:18:17.849Z" },
    { url = "https://files.pythonhosted.org/packages/f0/ef/da163ce2450ed4febf6467d77ccb4cd52c4c30ab45624bad26ca0a27260c/zstandard-0.25.0-cp314-cp314-win_arm64.whl", hash = "sha256:d7541afd73985c630bafcd6338d2518ae96060075f9463d7dc14cfb33514383d", size = 476940, upload-time = "2025-09-14T22:18:19.088Z" },
]
